
Microsoft Visual Studio Solution File, Format Version 12.00
# Visual Studio Version 17
VisualStudioVersion = 17.8.34525.116
MinimumVisualStudioVersion = 10.0.40219.1
Project("{9A19103F-16F7-4668-BE54-9A1E7A4F7556}") = "AuthServer.API", "AuthServer.API\AuthServer.API.csproj", "{F805932F-911F-473A-ADA8-D6BF8DB71043}"
EndProject
Project("{9A19103F-16F7-4668-BE54-9A1E7A4F7556}") = "AuthServer.Core", "AuthServer.Core\AuthServer.Core.csproj", "{1DAE3E01-6DB4-4D2A-96A8-1E9E213840F7}"
EndProject
Project("{9A19103F-16F7-4668-BE54-9A1E7A4F7556}") = "AuthServer.DataAccess", "AuthServer.DataAccess\AuthServer.DataAccess.csproj", "{9AD889A4-40B2-4808-AA32-43EBD59F48A9}"
EndProject
Project("{9A19103F-16F7-4668-BE54-9A1E7A4F7556}") = "AuthServer.Services", "AuthServer.Services\AuthServer.Services.csproj", "{642EF72F-6DC5-4548-83A8-53AAB715ACEA}"
EndProject
Project("{9A19103F-16F7-4668-BE54-9A1E7A4F7556}") = "MiniAPP1.API", "MiniAPP1.API\MiniAPP1.API.csproj", "{D729490D-2C8F-40EB-8422-3C8CF55CEAEA}"
EndProject
Project("{9A19103F-16F7-4668-BE54-9A1E7A4F7556}") = "MiniAPP2.API", "MiniAPP2.API\MiniAPP2.API.csproj", "{1ACC76A8-16AC-4DFF-AC10-FD20D0D93F99}"
EndProject
Project("{9A19103F-16F7-4668-BE54-9A1E7A4F7556}") = "SharedLibrary", "SharedLibrary\SharedLibrary.csproj", "{7B1F0843-A148-42E8-A077-4F02FDBA0511}"
EndProject
Project("{2150E333-8FDC-42A3-9474-1A3956D46DE8}") = "N Layer", "N Layer", "{E9AE2369-F19E-4A8F-97CB-E5653452B3EC}"
EndProject
Project("{2150E333-8FDC-42A3-9474-1A3956D46DE8}") = "AutServerApı", "AutServerApı", "{B1FC3E5F-B543-468E-B567-5DABA020BF75}"
EndProject
Project("{2150E333-8FDC-42A3-9474-1A3956D46DE8}") = "Shared", "Shared", "{BF9B0328-0CFD-42C6-9773-5A354E8479CE}"
EndProject
Project("{2150E333-8FDC-42A3-9474-1A3956D46DE8}") = "MiniApp", "MiniApp", "{DC849D4B-D4C9-4614-A4BB-F4EF1CA8E028}"
EndProject
Project("{9A19103F-16F7-4668-BE54-9A1E7A4F7556}") = "MiniApp3.Api", "MiniApp3.Api\MiniApp3.Api.csproj", "{6306DDA9-659C-4419-8253-B485A3AB7052}"
EndProject
Global
	GlobalSection(SolutionConfigurationPlatforms) = preSolution
		Debug|Any CPU = Debug|Any CPU
		Release|Any CPU = Release|Any CPU
	EndGlobalSection
	GlobalSection(ProjectConfigurationPlatforms) = postSolution
		{F805932F-911F-473A-ADA8-D6BF8DB71043}.Debug|Any CPU.ActiveCfg = Debug|Any CPU
		{F805932F-911F-473A-ADA8-D6BF8DB71043}.Debug|Any CPU.Build.0 = Debug|Any CPU
		{F805932F-911F-473A-ADA8-D6BF8DB71043}.Release|Any CPU.ActiveCfg = Release|Any CPU
		{F805932F-911F-473A-ADA8-D6BF8DB71043}.Release|Any CPU.Build.0 = Release|Any CPU
		{1DAE3E01-6DB4-4D2A-96A8-1E9E213840F7}.Debug|Any CPU.ActiveCfg = Debug|Any CPU
		{1DAE3E01-6DB4-4D2A-96A8-1E9E213840F7}.Debug|Any CPU.Build.0 = Debug|Any CPU
		{1DAE3E01-6DB4-4D2A-96A8-1E9E213840F7}.Release|Any CPU.ActiveCfg = Release|Any CPU
		{1DAE3E01-6DB4-4D2A-96A8-1E9E213840F7}.Release|Any CPU.Build.0 = Release|Any CPU
		{9AD889A4-40B2-4808-AA32-43EBD59F48A9}.Debug|Any CPU.ActiveCfg = Debug|Any CPU
		{9AD889A4-40B2-4808-AA32-43EBD59F48A9}.Debug|Any CPU.Build.0 = Debug|Any CPU
		{9AD889A4-40B2-4808-AA32-43EBD59F48A9}.Release|Any CPU.ActiveCfg = Release|Any CPU
		{9AD889A4-40B2-4808-AA32-43EBD59F48A9}.Release|Any CPU.Build.0 = Release|Any CPU
		{642EF72F-6DC5-4548-83A8-53AAB715ACEA}.Debug|Any CPU.ActiveCfg = Debug|Any CPU
		{642EF72F-6DC5-4548-83A8-53AAB715ACEA}.Debug|Any CPU.Build.0 = Debug|Any CPU
		{642EF72F-6DC5-4548-83A8-53AAB715ACEA}.Release|Any CPU.ActiveCfg = Release|Any CPU
		{642EF72F-6DC5-4548-83A8-53AAB715ACEA}.Release|Any CPU.Build.0 = Release|Any CPU
		{D729490D-2C8F-40EB-8422-3C8CF55CEAEA}.Debug|Any CPU.ActiveCfg = Debug|Any CPU
		{D729490D-2C8F-40EB-8422-3C8CF55CEAEA}.Debug|Any CPU.Build.0 = Debug|Any CPU
		{D729490D-2C8F-40EB-8422-3C8CF55CEAEA}.Release|Any CPU.ActiveCfg = Release|Any CPU
		{D729490D-2C8F-40EB-8422-3C8CF55CEAEA}.Release|Any CPU.Build.0 = Release|Any CPU
		{1ACC76A8-16AC-4DFF-AC10-FD20D0D93F99}.Debug|Any CPU.ActiveCfg = Debug|Any CPU
		{1ACC76A8-16AC-4DFF-AC10-FD20D0D93F99}.Debug|Any CPU.Build.0 = Debug|Any CPU
		{1ACC76A8-16AC-4DFF-AC10-FD20D0D93F99}.Release|Any CPU.ActiveCfg = Release|Any CPU
		{1ACC76A8-16AC-4DFF-AC10-FD20D0D93F99}.Release|Any CPU.Build.0 = Release|Any CPU
		{7B1F0843-A148-42E8-A077-4F02FDBA0511}.Debug|Any CPU.ActiveCfg = Debug|Any CPU
		{7B1F0843-A148-42E8-A077-4F02FDBA0511}.Debug|Any CPU.Build.0 = Debug|Any CPU
		{7B1F0843-A148-42E8-A077-4F02FDBA0511}.Release|Any CPU.ActiveCfg = Release|Any CPU
		{7B1F0843-A148-42E8-A077-4F02FDBA0511}.Release|Any CPU.Build.0 = Release|Any CPU
		{6306DDA9-659C-4419-8253-B485A3AB7052}.Debug|Any CPU.ActiveCfg = Debug|Any CPU
		{6306DDA9-659C-4419-8253-B485A3AB7052}.Debug|Any CPU.Build.0 = Debug|Any CPU
		{6306DDA9-659C-4419-8253-B485A3AB7052}.Release|Any CPU.ActiveCfg = Release|Any CPU
		{6306DDA9-659C-4419-8253-B485A3AB7052}.Release|Any CPU.Build.0 = Release|Any CPU
	EndGlobalSection
	GlobalSection(SolutionProperties) = preSolution
		HideSolutionNode = FALSE
	EndGlobalSection
	GlobalSection(NestedProjects) = preSolution
		{F805932F-911F-473A-ADA8-D6BF8DB71043} = {B1FC3E5F-B543-468E-B567-5DABA020BF75}
		{1DAE3E01-6DB4-4D2A-96A8-1E9E213840F7} = {E9AE2369-F19E-4A8F-97CB-E5653452B3EC}
		{9AD889A4-40B2-4808-AA32-43EBD59F48A9} = {E9AE2369-F19E-4A8F-97CB-E5653452B3EC}
		{642EF72F-6DC5-4548-83A8-53AAB715ACEA} = {E9AE2369-F19E-4A8F-97CB-E5653452B3EC}
		{D729490D-2C8F-40EB-8422-3C8CF55CEAEA} = {DC849D4B-D4C9-4614-A4BB-F4EF1CA8E028}
		{1ACC76A8-16AC-4DFF-AC10-FD20D0D93F99} = {DC849D4B-D4C9-4614-A4BB-F4EF1CA8E028}
		{7B1F0843-A148-42E8-A077-4F02FDBA0511} = {BF9B0328-0CFD-42C6-9773-5A354E8479CE}
		{6306DDA9-659C-4419-8253-B485A3AB7052} = {DC849D4B-D4C9-4614-A4BB-F4EF1CA8E028}
	EndGlobalSection
	GlobalSection(ExtensibilityGlobals) = postSolution
		SolutionGuid = {33AECEE7-B0EE-4A49-A485-C1F80C5C6D62}
	EndGlobalSection
EndGlobal
